
Microsoft Visual Studio Solution File, Format Version 12.00
# Visual Studio 15
VisualStudioVersion = 15.0.27428.2037
MinimumVisualStudioVersion = 10.0.40219.1
Project("{8BC9CEB8-8B4A-11D0-8D11-00A0C91BC942}") = "0423", "0423\0423.vcxproj", "{24528402-5599-4C86-AF6C-3CCE5EC02017}"
EndProject
Global
	GlobalSection(SolutionConfigurationPlatforms) = preSolution
		Debug|x64 = Debug|x64
		Debug|x86 = Debug|x86
		Release|x64 = Release|x64
		Release|x86 = Release|x86
	EndGlobalSection
	GlobalSection(ProjectConfigurationPlatforms) = postSolution
		{24528402-5599-4C86-AF6C-3CCE5EC02017}.Debug|x64.ActiveCfg = Debug|x64
		{24528402-5599-4C86-AF6C-3CCE5EC02017}.Debug|x64.Build.0 = Debug|x64
		{24528402-5599-4C86-AF6C-3CCE5EC02017}.Debug|x86.ActiveCfg = Debug|Win32
		{24528402-5599-4C86-AF6C-3CCE5EC02017}.Debug|x86.Build.0 = Debug|Win32
		{24528402-5599-4C86-AF6C-3CCE5EC02017}.Release|x64.ActiveCfg = Release|x64
		{24528402-5599-4C86-AF6C-3CCE5EC02017}.Release|x64.Build.0 = Release|x64
		{24528402-5599-4C86-AF6C-3CCE5EC02017}.Release|x86.ActiveCfg = Release|Win32
		{24528402-5599-4C86-AF6C-3CCE5EC02017}.Release|x86.Build.0 = Release|Win32
	EndGlobalSection
	GlobalSection(SolutionProperties) = preSolution
		HideSolutionNode = FALSE
	EndGlobalSection
	GlobalSection(ExtensibilityGlobals) = postSolution
		SolutionGuid = {0DF84B1A-29DB-43F0-906C-7FBC128C99A9}
	EndGlobalSection
EndGlobal
